
Microsoft Visual Studio Solution File, Format Version 12.00
# Visual Studio Version 17
VisualStudioVersion = 17.5.33516.290
MinimumVisualStudioVersion = 10.0.40219.1
Project("{FAE04EC0-301F-11D3-BF4B-00C04F79EFBC}") = "Pekokis_Api", "Pekokis_Api\Pekokis_Api.csproj", "{7547489A-F9E5-49B6-844E-39184330D386}"
EndProject
Global
	GlobalSection(SolutionConfigurationPlatforms) = preSolution
		Debug|Any CPU = Debug|Any CPU
		Release|Any CPU = Release|Any CPU
	EndGlobalSection
	GlobalSection(ProjectConfigurationPlatforms) = postSolution
		{7547489A-F9E5-49B6-844E-39184330D386}.Debug|Any CPU.ActiveCfg = Debug|Any CPU
		{7547489A-F9E5-49B6-844E-39184330D386}.Debug|Any CPU.Build.0 = Debug|Any CPU
		{7547489A-F9E5-49B6-844E-39184330D386}.Release|Any CPU.ActiveCfg = Release|Any CPU
		{7547489A-F9E5-49B6-844E-39184330D386}.Release|Any CPU.Build.0 = Release|Any CPU
	EndGlobalSection
	GlobalSection(SolutionProperties) = preSolution
		HideSolutionNode = FALSE
	EndGlobalSection
	GlobalSection(ExtensibilityGlobals) = postSolution
		SolutionGuid = {08E5A651-03B4-4636-B285-1AB8D8996239}
	EndGlobalSection
EndGlobal
